// !$*UTF8*$!
{
	archiveVersion = 1;
	classes = {
	};
	objectVersion = 50;
	objects = {

/* Begin PBXBuildFile section */
		04E7BEC922A2B62F0016B064 /* AppDelegate.swift in Sources */ = {isa = PBXBuildFile; fileRef = 04E7BEC822A2B62F0016B064 /* AppDelegate.swift */; };
		04E7BECE22A2B62F0016B064 /* Main.storyboard in Resources */ = {isa = PBXBuildFile; fileRef = 04E7BECC22A2B62F0016B064 /* Main.storyboard */; };
		04E7BED122A2B62F0016B064 /* INVOCODEFINAL.xcdatamodeld in Sources */ = {isa = PBXBuildFile; fileRef = 04E7BECF22A2B62F0016B064 /* INVOCODEFINAL.xcdatamodeld */; };
		04E7BED322A2B6300016B064 /* Assets.xcassets in Resources */ = {isa = PBXBuildFile; fileRef = 04E7BED222A2B6300016B064 /* Assets.xcassets */; };
		04E7BED622A2B6300016B064 /* LaunchScreen.storyboard in Resources */ = {isa = PBXBuildFile; fileRef = 04E7BED422A2B6300016B064 /* LaunchScreen.storyboard */; };
		04E7BF0322A6EBE20016B064 /* ReceiptsTableViewController.swift in Sources */ = {isa = PBXBuildFile; fileRef = 04E7BF0222A6EBE20016B064 /* ReceiptsTableViewController.swift */; };
		04E7BF0522A8437C0016B064 /* TableSection.swift in Sources */ = {isa = PBXBuildFile; fileRef = 04E7BF0422A8437C0016B064 /* TableSection.swift */; };
/* End PBXBuildFile section */

/* Begin PBXFileReference section */
		04E7BEC522A2B62F0016B064 /* INVOCODEFINAL.app */ = {isa = PBXFileReference; explicitFileType = wrapper.application; includeInIndex = 0; path = INVOCODEFINAL.app; sourceTree = BUILT_PRODUCTS_DIR; };
		04E7BEC822A2B62F0016B064 /* AppDelegate.swift */ = {isa = PBXFileReference; lastKnownFileType = sourcecode.swift; path = AppDelegate.swift; sourceTree = "<group>"; };
		04E7BECD22A2B62F0016B064 /* Base */ = {isa = PBXFileReference; lastKnownFileType = file.storyboard; name = Base; path = Base.lproj/Main.storyboard; sourceTree = "<group>"; };
		04E7BED022A2B62F0016B064 /* INVOCODEFINAL.xcdatamodel */ = {isa = PBXFileReference; lastKnownFileType = wrapper.xcdatamodel; path = INVOCODEFINAL.xcdatamodel; sourceTree = "<group>"; };
		04E7BED222A2B6300016B064 /* Assets.xcassets */ = {isa = PBXFileReference; lastKnownFileType = folder.assetcatalog; path = Assets.xcassets; sourceTree = "<group>"; };
		04E7BED522A2B6300016B064 /* Base */ = {isa = PBXFileReference; lastKnownFileType = file.storyboard; name = Base; path = Base.lproj/LaunchScreen.storyboard; sourceTree = "<group>"; };
		04E7BED722A2B6300016B064 /* Info.plist */ = {isa = PBXFileReference; lastKnownFileType = text.plist.xml; path = Info.plist; sourceTree = "<group>"; };
		04E7BF0222A6EBE20016B064 /* ReceiptsTableViewController.swift */ = {isa = PBXFileReference; lastKnownFileType = sourcecode.swift; path = ReceiptsTableViewController.swift; sourceTree = "<group>"; };
		04E7BF0422A8437C0016B064 /* TableSection.swift */ = {isa = PBXFileReference; lastKnownFileType = sourcecode.swift; path = TableSection.swift; sourceTree = "<group>"; };
/* End PBXFileReference section */

/* Begin PBXFrameworksBuildPhase section */
		04E7BEC222A2B62F0016B064 /* Frameworks */ = {
			isa = PBXFrameworksBuildPhase;
			buildActionMask = 2147483647;
			files = (
			);
			runOnlyForDeploymentPostprocessing = 0;
		};
/* End PBXFrameworksBuildPhase section */

/* Begin PBXGroup section */
		04E7BEBC22A2B62F0016B064 = {
			isa = PBXGroup;
			children = (
				04E7BEC722A2B62F0016B064 /* INVOCODEFINAL */,
				04E7BEC622A2B62F0016B064 /* Products */,
			);
			sourceTree = "<group>";
		};
		04E7BEC622A2B62F0016B064 /* Products */ = {
			isa = PBXGroup;
			children = (
				04E7BEC522A2B62F0016B064 /* INVOCODEFINAL.app */,
			);
			name = Products;
			sourceTree = "<group>";
		};
		04E7BEC722A2B62F0016B064 /* INVOCODEFINAL */ = {
			isa = PBXGroup;
			children = (
				04E7BEC822A2B62F0016B064 /* AppDelegate.swift */,
				04E7BF0222A6EBE20016B064 /* ReceiptsTableViewController.swift */,
				04E7BF0422A8437C0016B064 /* TableSection.swift */,
				04E7BECC22A2B62F0016B064 /* Main.storyboard */,
				04E7BED222A2B6300016B064 /* Assets.xcassets */,
				04E7BED422A2B6300016B064 /* LaunchScreen.storyboard */,
				04E7BED722A2B6300016B064 /* Info.plist */,
				04E7BECF22A2B62F0016B064 /* INVOCODEFINAL.xcdatamodeld */,
			);
			path = INVOCODEFINAL;
			sourceTree = "<group>";
		};
/* End PBXGroup section */

/* Begin PBXNativeTarget section */
		04E7BEC422A2B62F0016B064 /* INVOCODEFINAL */ = {
			isa = PBXNativeTarget;
			buildConfigurationList = 04E7BEDA22A2B6300016B064 /* Build configuration list for PBXNativeTarget "INVOCODEFINAL" */;
			buildPhases = (
				04E7BEC122A2B62F0016B064 /* Sources */,
				04E7BEC222A2B62F0016B064 /* Frameworks */,
				04E7BEC322A2B62F0016B064 /* Resources */,
			);
			buildRules = (
			);
			dependencies = (
			);
			name = INVOCODEFINAL;
			productName = INVOCODEFINAL;
			productReference = 04E7BEC522A2B62F0016B064 /* INVOCODEFINAL.app */;
			productType = "com.apple.product-type.application";
		};
/* End PBXNativeTarget section */

/* Begin PBXProject section */
		04E7BEBD22A2B62F0016B064 /* Project object */ = {
			isa = PBXProject;
			attributes = {
				LastSwiftUpdateCheck = 1020;
				LastUpgradeCheck = 1020;
				ORGANIZATIONNAME = "Edward Bonsu";
				TargetAttributes = {
					04E7BEC422A2B62F0016B064 = {
						CreatedOnToolsVersion = 10.2.1;
					};
				};
			};
			buildConfigurationList = 04E7BEC022A2B62F0016B064 /* Build configuration list for PBXProject "INVOCODEFINAL" */;
			compatibilityVersion = "Xcode 9.3";
			developmentRegion = en;
			hasScannedForEncodings = 0;
			knownRegions = (
				en,
				Base,
			);
			mainGroup = 04E7BEBC22A2B62F0016B064;
			productRefGroup = 04E7BEC622A2B62F0016B064 /* Products */;
			projectDirPath = "";
			projectRoot = "";
			targets = (
				04E7BEC422A2B62F0016B064 /* INVOCODEFINAL */,
			);
		};
/* End PBXProject section */

/* Begin PBXResourcesBuildPhase section */
		04E7BEC322A2B62F0016B064 /* Resources */ = {
			isa = PBXResourcesBuildPhase;
			buildActionMask = 2147483647;
			files = (
				04E7BED622A2B6300016B064 /* LaunchScreen.storyboard in Resources */,
				04E7BED322A2B6300016B064 /* Assets.xcassets in Resources */,
				04E7BECE22A2B62F0016B064 /* Main.storyboard in Resources */,
			);
			runOnlyForDeploymentPostprocessing = 0;
		};
/* End PBXResourcesBuildPhase section */

/* Begin PBXSourcesBuildPhase section */
		04E7BEC122A2B62F0016B064 /* Sources */ = {
			isa = PBXSourcesBuildPhase;
			buildActionMask = 2147483647;
			files = (
				04E7BEC922A2B62F0016B064 /* AppDelegate.swift in Sources */,
				04E7BED122A2B62F0016B064 /* INVOCODEFINAL.xcdatamodeld in Sources */,
				04E7BF0522A8437C0016B064 /* TableSection.swift in Sources */,
				04E7BF0322A6EBE20016B064 /* ReceiptsTableViewController.swift in Sources */,
			);
			runOnlyForDeploymentPostprocessing = 0;
		};
/* End PBXSourcesBuildPhase section */

/* Begin PBXVariantGroup section */
		04E7BECC22A2B62F0016B064 /* Main.storyboard */ = {
			isa = PBXVariantGroup;
			children = (
				04E7BECD22A2B62F0016B064 /* Base */,
			);
			name = Main.storyboard;
			sourceTree = "<group>";
		};
		04E7BED422A2B6300016B064 /* LaunchScreen.storyboard */ = {
			isa = PBXVariantGroup;
			children = (
				04E7BED522A2B6300016B064 /* Base */,
			);
			name = LaunchScreen.storyboard;
			sourceTree = "<group>";
		};
/* End PBXVariantGroup section */

/* Begin XCBuildConfiguration section */
		04E7BED822A2B6300016B064 /* Debug */ = {
			isa = XCBuildConfiguration;
			buildSettings = {
				ALWAYS_SEARCH_USER_PATHS = NO;
				CLANG_ANALYZER_NONNULL = YES;
				CLANG_ANALYZER_NUMBER_OBJECT_CONVERSION = YES_AGGRESSIVE;
				CLANG_CXX_LANGUAGE_STANDARD = "gnu++14";
				CLANG_CXX_LIBRARY = "libc++";
				CLANG_ENABLE_MODULES = YES;
				CLANG_ENABLE_OBJC_ARC = YES;
				CLANG_ENABLE_OBJC_WEAK = YES;
				CLANG_WARN_BLOCK_CAPTURE_AUTORELEASING = YES;
				CLANG_WARN_BOOL_CONVERSION = YES;
				CLANG_WARN_COMMA = YES;
				CLANG_WARN_CONSTANT_CONVERSION = YES;
				CLANG_WARN_DEPRECATED_OBJC_IMPLEMENTATIONS = YES;
				CLANG_WARN_DIRECT_OBJC_ISA_USAGE = YES_ERROR;
				CLANG_WARN_DOCUMENTATION_COMMENTS = YES;
				CLANG_WARN_EMPTY_BODY = YES;
				CLANG_WARN_ENUM_CONVERSION = YES;
				CLANG_WARN_INFINITE_RECURSION = YES;
				CLANG_WARN_INT_CONVERSION = YES;
				CLANG_WARN_NON_LITERAL_NULL_CONVERSION = YES;
				CLANG_WARN_OBJC_IMPLICIT_RETAIN_SELF = YES;
				CLANG_WARN_OBJC_LITERAL_CONVERSION = YES;
				CLANG_WARN_OBJC_ROOT_CLASS = YES_ERROR;
				CLANG_WARN_RANGE_LOOP_ANALYSIS = YES;
				CLANG_WARN_STRICT_PROTOTYPES = YES;
				CLANG_WARN_SUSPICIOUS_MOVE = YES;
				CLANG_WARN_UNGUARDED_AVAILABILITY = YES_AGGRESSIVE;
				CLANG_WARN_UNREACHABLE_CODE = YES;
				CLANG_WARN__DUPLICATE_METHOD_MATCH = YES;
				CODE_SIGN_IDENTITY = "iPhone Developer";
				COPY_PHASE_STRIP = NO;
				DEBUG_INFORMATION_FORMAT = dwarf;
				ENABLE_STRICT_OBJC_MSGSEND = YES;
				ENABLE_TESTABILITY = YES;
				GCC_C_LANGUAGE_STANDARD = gnu11;
				GCC_DYNAMIC_NO_PIC = NO;
				GCC_NO_COMMON_BLOCKS = YES;
				GCC_OPTIMIZATION_LEVEL = 0;
				GCC_PREPROCESSOR_DEFINITIONS = (
					"DEBUG=1",
					"$(inherited)",
				);
				GCC_WARN_64_TO_32_BIT_CONVERSION = YES;
				GCC_WARN_ABOUT_RETURN_TYPE = YES_ERROR;
				GCC_WARN_UNDECLARED_SELECTOR = YES;
				GCC_WARN_UNINITIALIZED_AUTOS = YES_AGGRESSIVE;
				GCC_WARN_UNUSED_FUNCTION = YES;
				GCC_WARN_UNUSED_VARIABLE = YES;
				IPHONEOS_DEPLOYMENT_TARGET = 12.2;
				MTL_ENABLE_DEBUG_INFO = INCLUDE_SOURCE;
				MTL_FAST_MATH = YES;
				ONLY_ACTIVE_ARCH = YES;
				SDKROOT = iphoneos;
				SWIFT_ACTIVE_COMPILATION_CONDITIONS = DEBUG;
				SWIFT_OPTIMIZATION_LEVEL = "-Onone";
			};
			name = Debug;
		};
		04E7BED922A2B6300016B064 /* Release */ = {
			isa = XCBuildConfiguration;
			buildSettings = {
				ALWAYS_SEARCH_USER_PATHS = NO;
				CLANG_ANALYZER_NONNULL = YES;
				CLANG_ANALYZER_NUMBER_OBJECT_CONVERSION = YES_AGGRESSIVE;
				CLANG_CXX_LANGUAGE_STANDARD = "gnu++14";
				CLANG_CXX_LIBRARY = "libc++";
				CLANG_ENABLE_MODULES = YES;
				CLANG_ENABLE_OBJC_ARC = YES;
				CLANG_ENABLE_OBJC_WEAK = YES;
				CLANG_WARN_BLOCK_CAPTURE_AUTORELEASING = YES;
				CLANG_WARN_BOOL_CONVERSION = YES;
				CLANG_WARN_COMMA = YES;
				CLANG_WARN_CONSTANT_CONVERSION = YES;
				CLANG_WARN_DEPRECATED_OBJC_IMPLEMENTATIONS = YES;
				CLANG_WARN_DIRECT_OBJC_ISA_USAGE = YES_ERROR;
				CLANG_WARN_DOCUMENTATION_COMMENTS = YES;
				CLANG_WARN_EMPTY_BODY = YES;
				CLANG_WARN_ENUM_CONVERSION = YES;
				CLANG_WARN_INFINITE_RECURSION = YES;
				CLANG_WARN_INT_CONVERSION = YES;
				CLANG_WARN_NON_LITERAL_NULL_CONVERSION = YES;
				CLANG_WARN_OBJC_IMPLICIT_RETAIN_SELF = YES;
				CLANG_WARN_OBJC_LITERAL_CONVERSION = YES;
				CLANG_WARN_OBJC_ROOT_CLASS = YES_ERROR;
				CLANG_WARN_RANGE_LOOP_ANALYSIS = YES;
				CLANG_WARN_STRICT_PROTOTYPES = YES;
				CLANG_WARN_SUSPICIOUS_MOVE = YES;
				CLANG_WARN_UNGUARDED_AVAILABILITY = YES_AGGRESSIVE;
				CLANG_WARN_UNREACHABLE_CODE = YES;
				CLANG_WARN__DUPLICATE_METHOD_MATCH = YES;
				CODE_SIGN_IDENTITY = "iPhone Developer";
				COPY_PHASE_STRIP = NO;
				DEBUG_INFORMATION_FORMAT = "dwarf-with-dsym";
				ENABLE_NS_ASSERTIONS = NO;
				ENABLE_STRICT_OBJC_MSGSEND = YES;
				GCC_C_LANGUAGE_STANDARD = gnu11;
				GCC_NO_COMMON_BLOCKS = YES;
				GCC_WARN_64_TO_32_BIT_CONVERSION = YES;
				GCC_WARN_ABOUT_RETURN_TYPE = YES_ERROR;
				GCC_WARN_UNDECLARED_SELECTOR = YES;
				GCC_WARN_UNINITIALIZED_AUTOS = YES_AGGRESSIVE;
				GCC_WARN_UNUSED_FUNCTION = YES;
				GCC_WARN_UNUSED_VARIABLE = YES;
				IPHONEOS_DEPLOYMENT_TARGET = 12.2;
				MTL_ENABLE_DEBUG_INFO = NO;
				MTL_FAST_MATH = YES;
				SDKROOT = iphoneos;
				SWIFT_COMPILATION_MODE = wholemodule;
				SWIFT_OPTIMIZATION_LEVEL = "-O";
				VALIDATE_PRODUCT = YES;
			};
			name = Release;
		};
		04E7BEDB22A2B6300016B064 /* Debug */ = {
			isa = XCBuildConfiguration;
			buildSettings = {
				ASSETCATALOG_COMPILER_APPICON_NAME = AppIcon;
				CODE_SIGN_STYLE = Automatic;
				DEVELOPMENT_TEAM = J5HV4HUX23;
				INFOPLIST_FILE = INVOCODEFINAL/Info.plist;
				LD_RUNPATH_SEARCH_PATHS = (
					"$(inherited)",
					"@executable_path/Frameworks",
				);
				PRODUCT_BUNDLE_IDENTIFIER = com.Edward.invocode.INVOCODEFINAL;
				PRODUCT_NAME = "$(TARGET_NAME)";
				SWIFT_VERSION = 5.0;
				TARGETED_DEVICE_FAMILY = "1,2";
			};
			name = Debug;
		};
		04E7BEDC22A2B6300016B064 /* Release */ = {
			isa = XCBuildConfiguration;
			buildSettings = {
				ASSETCATALOG_COMPILER_APPICON_NAME = AppIcon;
				CODE_SIGN_STYLE = Automatic;
				DEVELOPMENT_TEAM = J5HV4HUX23;
				INFOPLIST_FILE = INVOCODEFINAL/Info.plist;
				LD_RUNPATH_SEARCH_PATHS = (
					"$(inherited)",
					"@executable_path/Frameworks",
				);
				PRODUCT_BUNDLE_IDENTIFIER = com.Edward.invocode.INVOCODEFINAL;
				PRODUCT_NAME = "$(TARGET_NAME)";
				SWIFT_VERSION = 5.0;
				TARGETED_DEVICE_FAMILY = "1,2";
			};
			name = Release;
		};
/* End XCBuildConfiguration section */

/* Begin XCConfigurationList section */
		04E7BEC022A2B62F0016B064 /* Build configuration list for PBXProject "INVOCODEFINAL" */ = {
			isa = XCConfigurationList;
			buildConfigurations = (
				04E7BED822A2B6300016B064 /* Debug */,
				04E7BED922A2B6300016B064 /* Release */,
			);
			defaultConfigurationIsVisible = 0;
			defaultConfigurationName = Release;
		};
		04E7BEDA22A2B6300016B064 /* Build configuration list for PBXNativeTarget "INVOCODEFINAL" */ = {
			isa = XCConfigurationList;
			buildConfigurations = (
				04E7BEDB22A2B6300016B064 /* Debug */,
				04E7BEDC22A2B6300016B064 /* Release */,
			);
			defaultConfigurationIsVisible = 0;
			defaultConfigurationName = Release;
		};
/* End XCConfigurationList section */

/* Begin XCVersionGroup section */
		04E7BECF22A2B62F0016B064 /* INVOCODEFINAL.xcdatamodeld */ = {
			isa = XCVersionGroup;
			children = (
				04E7BED022A2B62F0016B064 /* INVOCODEFINAL.xcdatamodel */,
			);
			currentVersion = 04E7BED022A2B62F0016B064 /* INVOCODEFINAL.xcdatamodel */;
			path = INVOCODEFINAL.xcdatamodeld;
			sourceTree = "<group>";
			versionGroupType = wrapper.xcdatamodel;
		};
/* End XCVersionGroup section */
	};
	rootObject = 04E7BEBD22A2B62F0016B064 /* Project object */;
}
